Microsoft Visual Studio Solution File, Format Version 12.00
# Visual Studio Version 17
VisualStudioVersion = 17.5.2.0
MinimumVisualStudioVersion = 10.0.40219.1
Project("{FAE04EC0-301F-11D3-BF4B-00C04F79EFBC}") = "task07", "task07\task07.csproj", "{13EA8ED3-D6E6-7260-39F6-99A9ED125C71}"
EndProject
Project("{FAE04EC0-301F-11D3-BF4B-00C04F79EFBC}") = "task07tests", "task07tests\task07tests.csproj", "{C47DAA63-2440-E4D4-2F03-5ED90AF8F575}"
EndProject
Global
	GlobalSection(SolutionConfigurationPlatforms) = preSolution
		Debug|Any CPU = Debug|Any CPU
		Release|Any CPU = Release|Any CPU
	EndGlobalSection
	GlobalSection(ProjectConfigurationPlatforms) = postSolution
		{13EA8ED3-D6E6-7260-39F6-99A9ED125C71}.Debug|Any CPU.ActiveCfg = Debug|Any CPU
		{13EA8ED3-D6E6-7260-39F6-99A9ED125C71}.Debug|Any CPU.Build.0 = Debug|Any CPU
		{13EA8ED3-D6E6-7260-39F6-99A9ED125C71}.Release|Any CPU.ActiveCfg = Release|Any CPU
		{13EA8ED3-D6E6-7260-39F6-99A9ED125C71}.Release|Any CPU.Build.0 = Release|Any CPU
		{C47DAA63-2440-E4D4-2F03-5ED90AF8F575}.Debug|Any CPU.ActiveCfg = Debug|Any CPU
		{C47DAA63-2440-E4D4-2F03-5ED90AF8F575}.Debug|Any CPU.Build.0 = Debug|Any CPU
		{C47DAA63-2440-E4D4-2F03-5ED90AF8F575}.Release|Any CPU.ActiveCfg = Release|Any CPU
		{C47DAA63-2440-E4D4-2F03-5ED90AF8F575}.Release|Any CPU.Build.0 = Release|Any CPU
	EndGlobalSection
	GlobalSection(SolutionProperties) = preSolution
		HideSolutionNode = FALSE
	EndGlobalSection
	GlobalSection(ExtensibilityGlobals) = postSolution
		SolutionGuid = {644C66F3-DC81-491D-96F8-B960B38ECFC2}
	EndGlobalSection
EndGlobal
